
Microsoft Visual Studio Solution File, Format Version 12.00
# Visual Studio Version 16
VisualStudioVersion = 16.0.31005.135
MinimumVisualStudioVersion = 10.0.40219.1
Project("{FAE04EC0-301F-11D3-BF4B-00C04F79EFBC}") = "3. cvičení", "3. cvičení.csproj", "{DA452497-FD85-45B3-A393-1568E579FD6F}"
EndProject
Global
	GlobalSection(SolutionConfigurationPlatforms) = preSolution
		Debug|Any CPU = Debug|Any CPU
		Release|Any CPU = Release|Any CPU
	EndGlobalSection
	GlobalSection(ProjectConfigurationPlatforms) = postSolution
		{DA452497-FD85-45B3-A393-1568E579FD6F}.Debug|Any CPU.ActiveCfg = Debug|Any CPU
		{DA452497-FD85-45B3-A393-1568E579FD6F}.Debug|Any CPU.Build.0 = Debug|Any CPU
		{DA452497-FD85-45B3-A393-1568E579FD6F}.Release|Any CPU.ActiveCfg = Release|Any CPU
		{DA452497-FD85-45B3-A393-1568E579FD6F}.Release|Any CPU.Build.0 = Release|Any CPU
	EndGlobalSection
	GlobalSection(SolutionProperties) = preSolution
		HideSolutionNode = FALSE
	EndGlobalSection
	GlobalSection(ExtensibilityGlobals) = postSolution
		SolutionGuid = {39737E30-7373-4501-A7BA-64FE1F00BF9E}
	EndGlobalSection
EndGlobal
